{
  "requires": true,
  "lockfileVersion": 1,
  "dependencies": {
    "hover.css": {
      "version": "2.3.2",
      "resolved": "https://registry.npmjs.org/hover.css/-/hover.css-2.3.2.tgz",
      "integrity": "sha1-8HGT2cdAnU45UTTTsiFbmetV4NM="
    },
    "jquery": {
      "version": "3.4.1",
      "resolved": "https://registry.npmjs.org/jquery/-/jquery-3.4.1.tgz",
      "integrity": "sha512-36+AdBzCL+y6qjw5Tx7HgzeGCzC81MDDgaUP8ld2zhx58HdqXGoBd+tHdrBMiyjGQs0Hxs/MLZTu/eHNJJuWPw=="
    },
    "jquery-bar-rating": {
      "version": "1.2.2",
      "resolved": "https://registry.npmjs.org/jquery-bar-rating/-/jquery-bar-rating-1.2.2.tgz",
      "integrity": "sha1-lZTWYs/53rD+ezclEbskkqQ285I=",
      "requires": {
        "jquery": ">=1.7.2"
      }
    }
  }
}
